// !$*UTF8*$!
{
	archiveVersion = 1;
	classes = {
	};
	objectVersion = 48;
	objects = {

/* Begin PBXBuildFile section */
		90CF9A325740CDFBD18F583F /* Pods_TwitterCore.framework in Frameworks */ = {isa = PBXBuildFile; fileRef = FBCDAF4EAFE2C75F5C369E71 /* Pods_TwitterCore.framework */; };
		BA4454381F7E7700007E6D6F /* TweetBuilderTest.swift in Sources */ = {isa = PBXBuildFile; fileRef = BA4454371F7E7700007E6D6F /* TweetBuilderTest.swift */; };
		BA44543B1F7E88A5007E6D6F /* WhiteSpaceTweetExtractor.swift in Sources */ = {isa = PBXBuildFile; fileRef = BA44543A1F7E88A5007E6D6F /* WhiteSpaceTweetExtractor.swift */; };
		BA44543D1F7E88B5007E6D6F /* SquareTweetIndicator.swift in Sources */ = {isa = PBXBuildFile; fileRef = BA44543C1F7E88B5007E6D6F /* SquareTweetIndicator.swift */; };
		BA44543F1F7E88CC007E6D6F /* SplashTweetIndicator.swift in Sources */ = {isa = PBXBuildFile; fileRef = BA44543E1F7E88CC007E6D6F /* SplashTweetIndicator.swift */; };
		BA4454411F7E8C3A007E6D6F /* Array+Helper.swift in Sources */ = {isa = PBXBuildFile; fileRef = BA4454401F7E8C3A007E6D6F /* Array+Helper.swift */; };
		BA4454431F7E9332007E6D6F /* StubTweetValidator.swift in Sources */ = {isa = PBXBuildFile; fileRef = BA4454421F7E9332007E6D6F /* StubTweetValidator.swift */; };
		BA4454451F7E946B007E6D6F /* UnderlineTweetExtractor.swift in Sources */ = {isa = PBXBuildFile; fileRef = BA4454441F7E946B007E6D6F /* UnderlineTweetExtractor.swift */; };
		BA5EBBD71F7F511D00B091D2 /* MessageCellViewModel.swift in Sources */ = {isa = PBXBuildFile; fileRef = BA5EBBD61F7F511D00B091D2 /* MessageCellViewModel.swift */; };
		BA5EBBDA1F7F51EF00B091D2 /* Result.swift in Sources */ = {isa = PBXBuildFile; fileRef = BA5EBBD91F7F51EF00B091D2 /* Result.swift */; };
		BA5EBBDD1F7F54CD00B091D2 /* TwitterAuth.swift in Sources */ = {isa = PBXBuildFile; fileRef = BA5EBBDC1F7F54CD00B091D2 /* TwitterAuth.swift */; };
		BA7318581F80975300A22DE6 /* LinkedList.swift in Sources */ = {isa = PBXBuildFile; fileRef = BA7318571F80975300A22DE6 /* LinkedList.swift */; };
		BA73185A1F8097F800A22DE6 /* Node.swift in Sources */ = {isa = PBXBuildFile; fileRef = BA7318591F8097F800A22DE6 /* Node.swift */; };
		BA9369871F7D26EE005F0D31 /* Constants.swift in Sources */ = {isa = PBXBuildFile; fileRef = BA9369861F7D26EE005F0D31 /* Constants.swift */; };
		BA93698A1F7D270B005F0D31 /* TwitterViewModel.swift in Sources */ = {isa = PBXBuildFile; fileRef = BA9369891F7D270B005F0D31 /* TwitterViewModel.swift */; };
		BA93698D1F7D2718005F0D31 /* UserObj.swift in Sources */ = {isa = PBXBuildFile; fileRef = BA93698C1F7D2718005F0D31 /* UserObj.swift */; };
		BA93698F1F7D271F005F0D31 /* MessageObj.swift in Sources */ = {isa = PBXBuildFile; fileRef = BA93698E1F7D271F005F0D31 /* MessageObj.swift */; };
		BA9369921F7D27A6005F0D31 /* TwitterService.swift in Sources */ = {isa = PBXBuildFile; fileRef = BA9369911F7D27A6005F0D31 /* TwitterService.swift */; };
		BA9369A41F7D28A8005F0D31 /* ViewModelCoordinator.swift in Sources */ = {isa = PBXBuildFile; fileRef = BA9369A31F7D28A8005F0D31 /* ViewModelCoordinator.swift */; };
		BA9369A81F7D2A06005F0D31 /* SplitResult.swift in Sources */ = {isa = PBXBuildFile; fileRef = BA9369A71F7D2A06005F0D31 /* SplitResult.swift */; };
		BA9369AA1F7D2A1E005F0D31 /* ValidateError.swift in Sources */ = {isa = PBXBuildFile; fileRef = BA9369A91F7D2A1E005F0D31 /* ValidateError.swift */; };
		BA9369AD1F7D2A4D005F0D31 /* TweetConfiguration.swift in Sources */ = {isa = PBXBuildFile; fileRef = BA9369AC1F7D2A4D005F0D31 /* TweetConfiguration.swift */; };
		BA9369AF1F7D2AE5005F0D31 /* TweetSplitProcessor.swift in Sources */ = {isa = PBXBuildFile; fileRef = BA9369AE1F7D2AE5005F0D31 /* TweetSplitProcessor.swift */; };
		BA9369B11F7D2B20005F0D31 /* TweetValidator.swift in Sources */ = {isa = PBXBuildFile; fileRef = BA9369B01F7D2B20005F0D31 /* TweetValidator.swift */; };
		BA9369B31F7D2B31005F0D31 /* TweetExtractor.swift in Sources */ = {isa = PBXBuildFile; fileRef = BA9369B21F7D2B31005F0D31 /* TweetExtractor.swift */; };
		BA9369B51F7D2B45005F0D31 /* TweetIndicator.swift in Sources */ = {isa = PBXBuildFile; fileRef = BA9369B41F7D2B45005F0D31 /* TweetIndicator.swift */; };
		BA9369B71F7D2D22005F0D31 /* TweetBuilder.swift in Sources */ = {isa = PBXBuildFile; fileRef = BA9369B61F7D2D22005F0D31 /* TweetBuilder.swift */; };
		BA9369B91F7D2E95005F0D31 /* TweetObj.swift in Sources */ = {isa = PBXBuildFile; fileRef = BA9369B81F7D2E95005F0D31 /* TweetObj.swift */; };
		BA9369BB1F7D34C1005F0D31 /* AppViewModel.swift in Sources */ = {isa = PBXBuildFile; fileRef = BA9369BA1F7D34C1005F0D31 /* AppViewModel.swift */; };
		BA9369BD1F7D36DA005F0D31 /* TweetSplitProcessorTests.swift in Sources */ = {isa = PBXBuildFile; fileRef = BA9369BC1F7D36DA005F0D31 /* TweetSplitProcessorTests.swift */; };
		BA9E21CF1F7DF17C0032909C /* TweetComponent.swift in Sources */ = {isa = PBXBuildFile; fileRef = BA9E21CE1F7DF17C0032909C /* TweetComponent.swift */; };
		BA9E21D21F7DFC1B0032909C /* String+Trim.swift in Sources */ = {isa = PBXBuildFile; fileRef = BA9E21D11F7DFC1B0032909C /* String+Trim.swift */; };
		BA9FBF721F7CAE1600A20B5C /* TwitterCore.framework in Frameworks */ = {isa = PBXBuildFile; fileRef = BA9FBF681F7CAE1600A20B5C /* TwitterCore.framework */; };
		BA9FBF791F7CAE1600A20B5C /* TwitterCore.h in Headers */ = {isa = PBXBuildFile; fileRef = BA9FBF6B1F7CAE1600A20B5C /* TwitterCore.h */; settings = {ATTRIBUTES = (Public, ); }; };
		BABE26A91F7F8C04007A7193 /* TwitterServiceTests.swift in Sources */ = {isa = PBXBuildFile; fileRef = BABE26A81F7F8C04007A7193 /* TwitterServiceTests.swift */; };
		BABE26AC1F7F8CDB007A7193 /* StubTweetIndicator.swift in Sources */ = {isa = PBXBuildFile; fileRef = BABE26AB1F7F8CDB007A7193 /* StubTweetIndicator.swift */; };
		BABE26AE1F7F8D7F007A7193 /* StubTwetExtractor.swift in Sources */ = {isa = PBXBuildFile; fileRef = BABE26AD1F7F8D7F007A7193 /* StubTwetExtractor.swift */; };
		BADD10EC1F7E055B00887372 /* TweetValidatorTest.swift in Sources */ = {isa = PBXBuildFile; fileRef = BADD10EB1F7E055B00887372 /* TweetValidatorTest.swift */; };
		BADD10EE1F7E077200887372 /* DefaultTweetConfiguration.swift in Sources */ = {isa = PBXBuildFile; fileRef = BADD10ED1F7E077200887372 /* DefaultTweetConfiguration.swift */; };
		BADD10F01F7E08C500887372 /* TweetExtractorTest.swift in Sources */ = {isa = PBXBuildFile; fileRef = BADD10EF1F7E08C500887372 /* TweetExtractorTest.swift */; };
		BADD10F21F7E0AB400887372 /* TweetComponentTests.swift in Sources */ = {isa = PBXBuildFile; fileRef = BADD10F11F7E0AB400887372 /* TweetComponentTests.swift */; };
		FBAEF7FC9699BB7977E338AA /* Pods_TwitterCoreTests.framework in Frameworks */ = {isa = PBXBuildFile; fileRef = F817A3F5E02F5865475799A9 /* Pods_TwitterCoreTests.framework */; };
/* End PBXBuildFile section */

/* Begin PBXContainerItemProxy section */
		BA9FBF731F7CAE1600A20B5C /* PBXContainerItemProxy */ = {
			isa = PBXContainerItemProxy;
			containerPortal = BA9FBF5F1F7CAE1600A20B5C /* Project object */;
			proxyType = 1;
			remoteGlobalIDString = BA9FBF671F7CAE1600A20B5C;
			remoteInfo = TwitterCore;
		};
/* End PBXContainerItemProxy section */

/* Begin PBXFileReference section */
		3259D163D0CADC0E97FAD4CB /* Pods-TwitterCore.release.xcconfig */ = {isa = PBXFileReference; includeInIndex = 1; lastKnownFileType = text.xcconfig; name = "Pods-TwitterCore.release.xcconfig"; path = "../Pods/Target Support Files/Pods-TwitterCore/Pods-TwitterCore.release.xcconfig"; sourceTree = "<group>"; };
		BA4454371F7E7700007E6D6F /* TweetBuilderTest.swift */ = {isa = PBXFileReference; lastKnownFileType = sourcecode.swift; path = TweetBuilderTest.swift; sourceTree = "<group>"; };
		BA44543A1F7E88A5007E6D6F /* WhiteSpaceTweetExtractor.swift */ = {isa = PBXFileReference; lastKnownFileType = sourcecode.swift; path = WhiteSpaceTweetExtractor.swift; sourceTree = "<group>"; };
		BA44543C1F7E88B5007E6D6F /* SquareTweetIndicator.swift */ = {isa = PBXFileReference; lastKnownFileType = sourcecode.swift; path = SquareTweetIndicator.swift; sourceTree = "<group>"; };
		BA44543E1F7E88CC007E6D6F /* SplashTweetIndicator.swift */ = {isa = PBXFileReference; lastKnownFileType = sourcecode.swift; path = SplashTweetIndicator.swift; sourceTree = "<group>"; };
		BA4454401F7E8C3A007E6D6F /* Array+Helper.swift */ = {isa = PBXFileReference; lastKnownFileType = sourcecode.swift; path = "Array+Helper.swift"; sourceTree = "<group>"; };
		BA4454421F7E9332007E6D6F /* StubTweetValidator.swift */ = {isa = PBXFileReference; lastKnownFileType = sourcecode.swift; path = StubTweetValidator.swift; sourceTree = "<group>"; };
		BA4454441F7E946B007E6D6F /* UnderlineTweetExtractor.swift */ = {isa = PBXFileReference; lastKnownFileType = sourcecode.swift; path = UnderlineTweetExtractor.swift; sourceTree = "<group>"; };
		BA5EBBD61F7F511D00B091D2 /* MessageCellViewModel.swift */ = {isa = PBXFileReference; lastKnownFileType = sourcecode.swift; path = MessageCellViewModel.swift; sourceTree = "<group>"; };
		BA5EBBD91F7F51EF00B091D2 /* Result.swift */ = {isa = PBXFileReference; lastKnownFileType = sourcecode.swift; path = Result.swift; sourceTree = "<group>"; };
		BA5EBBDC1F7F54CD00B091D2 /* TwitterAuth.swift */ = {isa = PBXFileReference; lastKnownFileType = sourcecode.swift; path = TwitterAuth.swift; sourceTree = "<group>"; };
		BA7318571F80975300A22DE6 /* LinkedList.swift */ = {isa = PBXFileReference; lastKnownFileType = sourcecode.swift; path = LinkedList.swift; sourceTree = "<group>"; };
		BA7318591F8097F800A22DE6 /* Node.swift */ = {isa = PBXFileReference; lastKnownFileType = sourcecode.swift; path = Node.swift; sourceTree = "<group>"; };
		BA9369861F7D26EE005F0D31 /* Constants.swift */ = {isa = PBXFileReference; lastKnownFileType = sourcecode.swift; path = Constants.swift; sourceTree = "<group>"; };
		BA9369891F7D270B005F0D31 /* TwitterViewModel.swift */ = {isa = PBXFileReference; lastKnownFileType = sourcecode.swift; path = TwitterViewModel.swift; sourceTree = "<group>"; };
		BA93698C1F7D2718005F0D31 /* UserObj.swift */ = {isa = PBXFileReference; lastKnownFileType = sourcecode.swift; path = UserObj.swift; sourceTree = "<group>"; };
		BA93698E1F7D271F005F0D31 /* MessageObj.swift */ = {isa = PBXFileReference; lastKnownFileType = sourcecode.swift; path = MessageObj.swift; sourceTree = "<group>"; };
		BA9369911F7D27A6005F0D31 /* TwitterService.swift */ = {isa = PBXFileReference; lastKnownFileType = sourcecode.swift; path = TwitterService.swift; sourceTree = "<group>"; };
		BA9369A31F7D28A8005F0D31 /* ViewModelCoordinator.swift */ = {isa = PBXFileReference; lastKnownFileType = sourcecode.swift; path = ViewModelCoordinator.swift; sourceTree = "<group>"; };
		BA9369A71F7D2A06005F0D31 /* SplitResult.swift */ = {isa = PBXFileReference; lastKnownFileType = sourcecode.swift; path = SplitResult.swift; sourceTree = "<group>"; };
		BA9369A91F7D2A1E005F0D31 /* ValidateError.swift */ = {isa = PBXFileReference; lastKnownFileType = sourcecode.swift; path = ValidateError.swift; sourceTree = "<group>"; };
		BA9369AC1F7D2A4D005F0D31 /* TweetConfiguration.swift */ = {isa = PBXFileReference; lastKnownFileType = sourcecode.swift; path = TweetConfiguration.swift; sourceTree = "<group>"; };
		BA9369AE1F7D2AE5005F0D31 /* TweetSplitProcessor.swift */ = {isa = PBXFileReference; lastKnownFileType = sourcecode.swift; path = TweetSplitProcessor.swift; sourceTree = "<group>"; };
		BA9369B01F7D2B20005F0D31 /* TweetValidator.swift */ = {isa = PBXFileReference; lastKnownFileType = sourcecode.swift; path = TweetValidator.swift; sourceTree = "<group>"; };
		BA9369B21F7D2B31005F0D31 /* TweetExtractor.swift */ = {isa = PBXFileReference; lastKnownFileType = sourcecode.swift; path = TweetExtractor.swift; sourceTree = "<group>"; };
		BA9369B41F7D2B45005F0D31 /* TweetIndicator.swift */ = {isa = PBXFileReference; lastKnownFileType = sourcecode.swift; path = TweetIndicator.swift; sourceTree = "<group>"; };
		BA9369B61F7D2D22005F0D31 /* TweetBuilder.swift */ = {isa = PBXFileReference; lastKnownFileType = sourcecode.swift; path = TweetBuilder.swift; sourceTree = "<group>"; };
		BA9369B81F7D2E95005F0D31 /* TweetObj.swift */ = {isa = PBXFileReference; lastKnownFileType = sourcecode.swift; path = TweetObj.swift; sourceTree = "<group>"; };
		BA9369BA1F7D34C1005F0D31 /* AppViewModel.swift */ = {isa = PBXFileReference; lastKnownFileType = sourcecode.swift; path = AppViewModel.swift; sourceTree = "<group>"; };
		BA9369BC1F7D36DA005F0D31 /* TweetSplitProcessorTests.swift */ = {isa = PBXFileReference; lastKnownFileType = sourcecode.swift; path = TweetSplitProcessorTests.swift; sourceTree = "<group>"; };
		BA9E21CE1F7DF17C0032909C /* TweetComponent.swift */ = {isa = PBXFileReference; lastKnownFileType = sourcecode.swift; path = TweetComponent.swift; sourceTree = "<group>"; };
		BA9E21D11F7DFC1B0032909C /* String+Trim.swift */ = {isa = PBXFileReference; lastKnownFileType = sourcecode.swift; path = "String+Trim.swift"; sourceTree = "<group>"; };
		BA9FBF681F7CAE1600A20B5C /* TwitterCore.framework */ = {isa = PBXFileReference; explicitFileType = wrapper.framework; includeInIndex = 0; path = TwitterCore.framework; sourceTree = BUILT_PRODUCTS_DIR; };
		BA9FBF6B1F7CAE1600A20B5C /* TwitterCore.h */ = {isa = PBXFileReference; lastKnownFileType = sourcecode.c.h; path = TwitterCore.h; sourceTree = "<group>"; };
		BA9FBF6C1F7CAE1600A20B5C /* Info.plist */ = {isa = PBXFileReference; lastKnownFileType = text.plist.xml; path = Info.plist; sourceTree = "<group>"; };
		BA9FBF711F7CAE1600A20B5C /* TwitterCoreTests.xctest */ = {isa = PBXFileReference; explicitFileType = wrapper.cfbundle; includeInIndex = 0; path = TwitterCoreTests.xctest; sourceTree = BUILT_PRODUCTS_DIR; };
		BA9FBF781F7CAE1600A20B5C /* Info.plist */ = {isa = PBXFileReference; lastKnownFileType = text.plist.xml; path = Info.plist; sourceTree = "<group>"; };
		BABE26A81F7F8C04007A7193 /* TwitterServiceTests.swift */ = {isa = PBXFileReference; lastKnownFileType = sourcecode.swift; path = TwitterServiceTests.swift; sourceTree = "<group>"; };
		BABE26AB1F7F8CDB007A7193 /* StubTweetIndicator.swift */ = {isa = PBXFileReference; lastKnownFileType = sourcecode.swift; path = StubTweetIndicator.swift; sourceTree = "<group>"; };
		BABE26AD1F7F8D7F007A7193 /* StubTwetExtractor.swift */ = {isa = PBXFileReference; lastKnownFileType = sourcecode.swift; path = StubTwetExtractor.swift; sourceTree = "<group>"; };
		BADD10EB1F7E055B00887372 /* TweetValidatorTest.swift */ = {isa = PBXFileReference; lastKnownFileType = sourcecode.swift; path = TweetValidatorTest.swift; sourceTree = "<group>"; };
		BADD10ED1F7E077200887372 /* DefaultTweetConfiguration.swift */ = {isa = PBXFileReference; lastKnownFileType = sourcecode.swift; path = DefaultTweetConfiguration.swift; sourceTree = "<group>"; };
		BADD10EF1F7E08C500887372 /* TweetExtractorTest.swift */ = {isa = PBXFileReference; lastKnownFileType = sourcecode.swift; path = TweetExtractorTest.swift; sourceTree = "<group>"; };
		BADD10F11F7E0AB400887372 /* TweetComponentTests.swift */ = {isa = PBXFileReference; lastKnownFileType = sourcecode.swift; path = TweetComponentTests.swift; sourceTree = "<group>"; };
		C128CB5AE55BCC40080199F8 /* Pods-TwitterCoreTests.debug.xcconfig */ = {isa = PBXFileReference; includeInIndex = 1; lastKnownFileType = text.xcconfig; name = "Pods-TwitterCoreTests.debug.xcconfig"; path = "../Pods/Target Support Files/Pods-TwitterCoreTests/Pods-TwitterCoreTests.debug.xcconfig"; sourceTree = "<group>"; };
		C7CAD5448E4018D221EBC601 /* Pods-TwitterCoreTests.release.xcconfig */ = {isa = PBXFileReference; includeInIndex = 1; lastKnownFileType = text.xcconfig; name = "Pods-TwitterCoreTests.release.xcconfig"; path = "../Pods/Target Support Files/Pods-TwitterCoreTests/Pods-TwitterCoreTests.release.xcconfig"; sourceTree = "<group>"; };
		D9F4CC37F36047AB9A59E9BA /* Pods-TwitterCore.debug.xcconfig */ = {isa = PBXFileReference; includeInIndex = 1; lastKnownFileType = text.xcconfig; name = "Pods-TwitterCore.debug.xcconfig"; path = "../Pods/Target Support Files/Pods-TwitterCore/Pods-TwitterCore.debug.xcconfig"; sourceTree = "<group>"; };
		F817A3F5E02F5865475799A9 /* Pods_TwitterCoreTests.framework */ = {isa = PBXFileReference; explicitFileType = wrapper.framework; includeInIndex = 0; path = Pods_TwitterCoreTests.framework; sourceTree = BUILT_PRODUCTS_DIR; };
		FBCDAF4EAFE2C75F5C369E71 /* Pods_TwitterCore.framework */ = {isa = PBXFileReference; explicitFileType = wrapper.framework; includeInIndex = 0; path = Pods_TwitterCore.framework; sourceTree = BUILT_PRODUCTS_DIR; };
/* End PBXFileReference section */

/* Begin PBXFrameworksBuildPhase section */
		BA9FBF641F7CAE1600A20B5C /* Frameworks */ = {
			isa = PBXFrameworksBuildPhase;
			buildActionMask = 2147483647;
			files = (
				90CF9A325740CDFBD18F583F /* Pods_TwitterCore.framework in Frameworks */,
			);
			runOnlyForDeploymentPostprocessing = 0;
		};
		BA9FBF6E1F7CAE1600A20B5C /* Frameworks */ = {
			isa = PBXFrameworksBuildPhase;
			buildActionMask = 2147483647;
			files = (
				BA9FBF721F7CAE1600A20B5C /* TwitterCore.framework in Frameworks */,
				FBAEF7FC9699BB7977E338AA /* Pods_TwitterCoreTests.framework in Frameworks */,
			);
			runOnlyForDeploymentPostprocessing = 0;
		};
/* End PBXFrameworksBuildPhase section */

/* Begin PBXGroup section */
		57456FF9F6AE6AADFE891772 /* Pods */ = {
			isa = PBXGroup;
			children = (
				D9F4CC37F36047AB9A59E9BA /* Pods-TwitterCore.debug.xcconfig */,
				3259D163D0CADC0E97FAD4CB /* Pods-TwitterCore.release.xcconfig */,
				C128CB5AE55BCC40080199F8 /* Pods-TwitterCoreTests.debug.xcconfig */,
				C7CAD5448E4018D221EBC601 /* Pods-TwitterCoreTests.release.xcconfig */,
			);
			name = Pods;
			sourceTree = "<group>";
		};
		A65FBBC13012F209EE5B1C91 /* Frameworks */ = {
			isa = PBXGroup;
			children = (
				FBCDAF4EAFE2C75F5C369E71 /* Pods_TwitterCore.framework */,
				F817A3F5E02F5865475799A9 /* Pods_TwitterCoreTests.framework */,
			);
			name = Frameworks;
			sourceTree = "<group>";
		};
		BA4454391F7E8895007E6D6F /* Helper */ = {
			isa = PBXGroup;
			children = (
				BABE26AA1F7F8CBD007A7193 /* Stubs */,
				BADD10ED1F7E077200887372 /* DefaultTweetConfiguration.swift */,
				BA44543A1F7E88A5007E6D6F /* WhiteSpaceTweetExtractor.swift */,
				BA44543C1F7E88B5007E6D6F /* SquareTweetIndicator.swift */,
				BA44543E1F7E88CC007E6D6F /* SplashTweetIndicator.swift */,
				BA4454401F7E8C3A007E6D6F /* Array+Helper.swift */,
				BA4454441F7E946B007E6D6F /* UnderlineTweetExtractor.swift */,
			);
			path = Helper;
			sourceTree = "<group>";
		};
		BA5EBBD81F7F512000B091D2 /* Sub ViewModels */ = {
			isa = PBXGroup;
			children = (
				BA5EBBD61F7F511D00B091D2 /* MessageCellViewModel.swift */,
			);
			path = "Sub ViewModels";
			sourceTree = "<group>";
		};
		BA5EBBDB1F7F54C200B091D2 /* Authentication */ = {
			isa = PBXGroup;
			children = (
				BA5EBBDC1F7F54CD00B091D2 /* TwitterAuth.swift */,
			);
			path = Authentication;
			sourceTree = "<group>";
		};
		BA7318561F80974300A22DE6 /* Linked List */ = {
			isa = PBXGroup;
			children = (
				BA7318591F8097F800A22DE6 /* Node.swift */,
				BA7318571F80975300A22DE6 /* LinkedList.swift */,
			);
			path = "Linked List";
			sourceTree = "<group>";
		};
		BA9369841F7D26DC005F0D31 /* Source Code */ = {
			isa = PBXGroup;
			children = (
				BA9E21D01F7DFC0F0032909C /* Extension */,
				BA9369901F7D279D005F0D31 /* Service */,
				BA93698B1F7D270F005F0D31 /* Objects */,
				BA9369881F7D26F9005F0D31 /* View Models */,
			);
			path = "Source Code";
			sourceTree = "<group>";
		};
		BA9369851F7D26E1005F0D31 /* Constant */ = {
			isa = PBXGroup;
			children = (
				BA9369861F7D26EE005F0D31 /* Constants.swift */,
			);
			path = Constant;
			sourceTree = "<group>";
		};
		BA9369881F7D26F9005F0D31 /* View Models */ = {
			isa = PBXGroup;
			children = (
				BA5EBBD81F7F512000B091D2 /* Sub ViewModels */,
				BA9369A31F7D28A8005F0D31 /* ViewModelCoordinator.swift */,
				BA9369891F7D270B005F0D31 /* TwitterViewModel.swift */,
				BA9369BA1F7D34C1005F0D31 /* AppViewModel.swift */,
			);
			path = "View Models";
			sourceTree = "<group>";
		};
		BA93698B1F7D270F005F0D31 /* Objects */ = {
			isa = PBXGroup;
			children = (
				BA93698C1F7D2718005F0D31 /* UserObj.swift */,
				BA93698E1F7D271F005F0D31 /* MessageObj.swift */,
				BA9369B81F7D2E95005F0D31 /* TweetObj.swift */,
			);
			path = Objects;
			sourceTree = "<group>";
		};
		BA9369901F7D279D005F0D31 /* Service */ = {
			isa = PBXGroup;
			children = (
				BA5EBBDB1F7F54C200B091D2 /* Authentication */,
				BA9369A51F7D29E9005F0D31 /* TweetSplit */,
				BA9369911F7D27A6005F0D31 /* TwitterService.swift */,
			);
			path = Service;
			sourceTree = "<group>";
		};
		BA9369A51F7D29E9005F0D31 /* TweetSplit */ = {
			isa = PBXGroup;
			children = (
				BA7318561F80974300A22DE6 /* Linked List */,
				BA9369AB1F7D2A3A005F0D31 /* Configuration */,
				BA9369A61F7D29F6005F0D31 /* Common */,
				BA9369AE1F7D2AE5005F0D31 /* TweetSplitProcessor.swift */,
				BA9369B01F7D2B20005F0D31 /* TweetValidator.swift */,
				BA9369B21F7D2B31005F0D31 /* TweetExtractor.swift */,
				BA9369B41F7D2B45005F0D31 /* TweetIndicator.swift */,
				BA9E21CE1F7DF17C0032909C /* TweetComponent.swift */,
				BA9369B61F7D2D22005F0D31 /* TweetBuilder.swift */,
			);
			path = TweetSplit;
			sourceTree = "<group>";
		};
		BA9369A61F7D29F6005F0D31 /* Common */ = {
			isa = PBXGroup;
			children = (
				BA9369A71F7D2A06005F0D31 /* SplitResult.swift */,
				BA9369A91F7D2A1E005F0D31 /* ValidateError.swift */,
			);
			path = Common;
			sourceTree = "<group>";
		};
		BA9369AB1F7D2A3A005F0D31 /* Configuration */ = {
			isa = PBXGroup;
			children = (
				BA9369AC1F7D2A4D005F0D31 /* TweetConfiguration.swift */,
			);
			path = Configuration;
			sourceTree = "<group>";
		};
		BA9E21D01F7DFC0F0032909C /* Extension */ = {
			isa = PBXGroup;
			children = (
				BA9E21D11F7DFC1B0032909C /* String+Trim.swift */,
				BA5EBBD91F7F51EF00B091D2 /* Result.swift */,
			);
			path = Extension;
			sourceTree = "<group>";
		};
		BA9FBF5E1F7CAE1600A20B5C = {
			isa = PBXGroup;
			children = (
				BA9FBF6A1F7CAE1600A20B5C /* TwitterCore */,
				BA9FBF751F7CAE1600A20B5C /* TwitterCoreTests */,
				BA9FBF691F7CAE1600A20B5C /* Products */,
				57456FF9F6AE6AADFE891772 /* Pods */,
				A65FBBC13012F209EE5B1C91 /* Frameworks */,
			);
			sourceTree = "<group>";
		};
		BA9FBF691F7CAE1600A20B5C /* Products */ = {
			isa = PBXGroup;
			children = (
				BA9FBF681F7CAE1600A20B5C /* TwitterCore.framework */,
				BA9FBF711F7CAE1600A20B5C /* TwitterCoreTests.xctest */,
			);
			name = Products;
			sourceTree = "<group>";
		};
		BA9FBF6A1F7CAE1600A20B5C /* TwitterCore */ = {
			isa = PBXGroup;
			children = (
				BA9369851F7D26E1005F0D31 /* Constant */,
				BA9369841F7D26DC005F0D31 /* Source Code */,
				BA9FBF6B1F7CAE1600A20B5C /* TwitterCore.h */,
				BA9FBF6C1F7CAE1600A20B5C /* Info.plist */,
			);
			path = TwitterCore;
			sourceTree = "<group>";
		};
		BA9FBF751F7CAE1600A20B5C /* TwitterCoreTests */ = {
			isa = PBXGroup;
			children = (
				BA4454391F7E8895007E6D6F /* Helper */,
				BADD10EA1F7E053E00887372 /* Tweet Split */,
				BADD10E81F7E052E00887372 /* Twitter Service */,
				BA9FBF781F7CAE1600A20B5C /* Info.plist */,
			);
			path = TwitterCoreTests;
			sourceTree = "<group>";
		};
		BABE26AA1F7F8CBD007A7193 /* Stubs */ = {
			isa = PBXGroup;
			children = (
				BA4454421F7E9332007E6D6F /* StubTweetValidator.swift */,
				BABE26AB1F7F8CDB007A7193 /* StubTweetIndicator.swift */,
				BABE26AD1F7F8D7F007A7193 /* StubTwetExtractor.swift */,
			);
			path = Stubs;
			sourceTree = "<group>";
		};
		BADD10E81F7E052E00887372 /* Twitter Service */ = {
			isa = PBXGroup;
			children = (
				BABE26A81F7F8C04007A7193 /* TwitterServiceTests.swift */,
			);
			path = "Twitter Service";
			sourceTree = "<group>";
		};
		BADD10EA1F7E053E00887372 /* Tweet Split */ = {
			isa = PBXGroup;
			children = (
				BA9369BC1F7D36DA005F0D31 /* TweetSplitProcessorTests.swift */,
				BADD10EB1F7E055B00887372 /* TweetValidatorTest.swift */,
				BADD10EF1F7E08C500887372 /* TweetExtractorTest.swift */,
				BADD10F11F7E0AB400887372 /* TweetComponentTests.swift */,
				BA4454371F7E7700007E6D6F /* TweetBuilderTest.swift */,
			);
			path = "Tweet Split";
			sourceTree = "<group>";
		};
/* End PBXGroup section */

/* Begin PBXHeadersBuildPhase section */
		BA9FBF651F7CAE1600A20B5C /* Headers */ = {
			isa = PBXHeadersBuildPhase;
			buildActionMask = 2147483647;
			files = (
				BA9FBF791F7CAE1600A20B5C /* TwitterCore.h in Headers */,
			);
			runOnlyForDeploymentPostprocessing = 0;
		};
/* End PBXHeadersBuildPhase section */

/* Begin PBXNativeTarget section */
		BA9FBF671F7CAE1600A20B5C /* TwitterCore */ = {
			isa = PBXNativeTarget;
			buildConfigurationList = BA9FBF7C1F7CAE1600A20B5C /* Build configuration list for PBXNativeTarget "TwitterCore" */;
			buildPhases = (
				10D69FC0BD0C48E1837291E3 /* [CP] Check Pods Manifest.lock */,
				BA9FBF631F7CAE1600A20B5C /* Sources */,
				BA9FBF641F7CAE1600A20B5C /* Frameworks */,
				BA9FBF651F7CAE1600A20B5C /* Headers */,
				BA9FBF661F7CAE1600A20B5C /* Resources */,
				C284B5838020B65EE0867D49 /* [CP] Copy Pods Resources */,
			);
			buildRules = (
			);
			dependencies = (
			);
			name = TwitterCore;
			productName = TwitterCore;
			productReference = BA9FBF681F7CAE1600A20B5C /* TwitterCore.framework */;
			productType = "com.apple.product-type.framework";
		};
		BA9FBF701F7CAE1600A20B5C /* TwitterCoreTests */ = {
			isa = PBXNativeTarget;
			buildConfigurationList = BA9FBF7F1F7CAE1600A20B5C /* Build configuration list for PBXNativeTarget "TwitterCoreTests" */;
			buildPhases = (
				730D951CFAED5F59A4C18352 /* [CP] Check Pods Manifest.lock */,
				BA9FBF6D1F7CAE1600A20B5C /* Sources */,
				BA9FBF6E1F7CAE1600A20B5C /* Frameworks */,
				BA9FBF6F1F7CAE1600A20B5C /* Resources */,
				D6AC13E082D9230576117DFD /* [CP] Embed Pods Frameworks */,
				F0E7B651A23A3A2B2FB8FF38 /* [CP] Copy Pods Resources */,
			);
			buildRules = (
			);
			dependencies = (
				BA9FBF741F7CAE1600A20B5C /* PBXTargetDependency */,
			);
			name = TwitterCoreTests;
			productName = TwitterCoreTests;
			productReference = BA9FBF711F7CAE1600A20B5C /* TwitterCoreTests.xctest */;
			productType = "com.apple.product-type.bundle.unit-test";
		};
/* End PBXNativeTarget section */

/* Begin PBXProject section */
		BA9FBF5F1F7CAE1600A20B5C /* Project object */ = {
			isa = PBXProject;
			attributes = {
				LastSwiftUpdateCheck = 0900;
				LastUpgradeCheck = 0900;
				ORGANIZATIONNAME = "Nghia Tran";
				TargetAttributes = {
					BA9FBF671F7CAE1600A20B5C = {
						CreatedOnToolsVersion = 9.0;
						LastSwiftMigration = 0900;
						ProvisioningStyle = Automatic;
					};
					BA9FBF701F7CAE1600A20B5C = {
						CreatedOnToolsVersion = 9.0;
						ProvisioningStyle = Automatic;
					};
				};
			};
			buildConfigurationList = BA9FBF621F7CAE1600A20B5C /* Build configuration list for PBXProject "TwitterCore" */;
			compatibilityVersion = "Xcode 8.0";
			developmentRegion = en;
			hasScannedForEncodings = 0;
			knownRegions = (
				en,
			);
			mainGroup = BA9FBF5E1F7CAE1600A20B5C;
			productRefGroup = BA9FBF691F7CAE1600A20B5C /* Products */;
			projectDirPath = "";
			projectRoot = "";
			targets = (
				BA9FBF671F7CAE1600A20B5C /* TwitterCore */,
				BA9FBF701F7CAE1600A20B5C /* TwitterCoreTests */,
			);
		};
/* End PBXProject section */

/* Begin PBXResourcesBuildPhase section */
		BA9FBF661F7CAE1600A20B5C /* Resources */ = {
			isa = PBXResourcesBuildPhase;
			buildActionMask = 2147483647;
			files = (
			);
			runOnlyForDeploymentPostprocessing = 0;
		};
		BA9FBF6F1F7CAE1600A20B5C /* Resources */ = {
			isa = PBXResourcesBuildPhase;
			buildActionMask = 2147483647;
			files = (
			);
			runOnlyForDeploymentPostprocessing = 0;
		};
/* End PBXResourcesBuildPhase section */

/* Begin PBXShellScriptBuildPhase section */
		10D69FC0BD0C48E1837291E3 /* [CP] Check Pods Manifest.lock */ = {
			isa = PBXShellScriptBuildPhase;
			buildActionMask = 2147483647;
			files = (
			);
			inputPaths = (
			);
			name = "[CP] Check Pods Manifest.lock";
			outputPaths = (
			);
			runOnlyForDeploymentPostprocessing = 0;
			shellPath = /bin/sh;
			shellScript = "diff \"${PODS_PODFILE_DIR_PATH}/Podfile.lock\" \"${PODS_ROOT}/Manifest.lock\" > /dev/null\nif [ $? != 0 ] ; then\n    # print error to STDERR\n    echo \"error: The sandbox is not in sync with the Podfile.lock. Run 'pod install' or update your CocoaPods installation.\" >&2\n    exit 1\nfi\n";
			showEnvVarsInLog = 0;
		};
		730D951CFAED5F59A4C18352 /* [CP] Check Pods Manifest.lock */ = {
			isa = PBXShellScriptBuildPhase;
			buildActionMask = 2147483647;
			files = (
			);
			inputPaths = (
			);
			name = "[CP] Check Pods Manifest.lock";
			outputPaths = (
			);
			runOnlyForDeploymentPostprocessing = 0;
			shellPath = /bin/sh;
			shellScript = "diff \"${PODS_PODFILE_DIR_PATH}/Podfile.lock\" \"${PODS_ROOT}/Manifest.lock\" > /dev/null\nif [ $? != 0 ] ; then\n    # print error to STDERR\n    echo \"error: The sandbox is not in sync with the Podfile.lock. Run 'pod install' or update your CocoaPods installation.\" >&2\n    exit 1\nfi\n";
			showEnvVarsInLog = 0;
		};
		C284B5838020B65EE0867D49 /* [CP] Copy Pods Resources */ = {
			isa = PBXShellScriptBuildPhase;
			buildActionMask = 2147483647;
			files = (
			);
			inputPaths = (
			);
			name = "[CP] Copy Pods Resources";
			outputPaths = (
			);
			runOnlyForDeploymentPostprocessing = 0;
			shellPath = /bin/sh;
			shellScript = "\"${SRCROOT}/../Pods/Target Support Files/Pods-TwitterCore/Pods-TwitterCore-resources.sh\"\n";
			showEnvVarsInLog = 0;
		};
		D6AC13E082D9230576117DFD /* [CP] Embed Pods Frameworks */ = {
			isa = PBXShellScriptBuildPhase;
			buildActionMask = 2147483647;
			files = (
			);
			inputPaths = (
			);
			name = "[CP] Embed Pods Frameworks";
			outputPaths = (
			);
			runOnlyForDeploymentPostprocessing = 0;
			shellPath = /bin/sh;
			shellScript = "\"${SRCROOT}/../Pods/Target Support Files/Pods-TwitterCoreTests/Pods-TwitterCoreTests-frameworks.sh\"\n";
			showEnvVarsInLog = 0;
		};
		F0E7B651A23A3A2B2FB8FF38 /* [CP] Copy Pods Resources */ = {
			isa = PBXShellScriptBuildPhase;
			buildActionMask = 2147483647;
			files = (
			);
			inputPaths = (
			);
			name = "[CP] Copy Pods Resources";
			outputPaths = (
			);
			runOnlyForDeploymentPostprocessing = 0;
			shellPath = /bin/sh;
			shellScript = "\"${SRCROOT}/../Pods/Target Support Files/Pods-TwitterCoreTests/Pods-TwitterCoreTests-resources.sh\"\n";
			showEnvVarsInLog = 0;
		};
/* End PBXShellScriptBuildPhase section */

/* Begin PBXSourcesBuildPhase section */
		BA9FBF631F7CAE1600A20B5C /* Sources */ = {
			isa = PBXSourcesBuildPhase;
			buildActionMask = 2147483647;
			files = (
				BA9369A81F7D2A06005F0D31 /* SplitResult.swift in Sources */,
				BA9369B71F7D2D22005F0D31 /* TweetBuilder.swift in Sources */,
				BA5EBBD71F7F511D00B091D2 /* MessageCellViewModel.swift in Sources */,
				BA9E21D21F7DFC1B0032909C /* String+Trim.swift in Sources */,
				BA5EBBDD1F7F54CD00B091D2 /* TwitterAuth.swift in Sources */,
				BA9369AA1F7D2A1E005F0D31 /* ValidateError.swift in Sources */,
				BA9369B91F7D2E95005F0D31 /* TweetObj.swift in Sources */,
				BA5EBBDA1F7F51EF00B091D2 /* Result.swift in Sources */,
				BA9369BB1F7D34C1005F0D31 /* AppViewModel.swift in Sources */,
				BA73185A1F8097F800A22DE6 /* Node.swift in Sources */,
				BA9369B51F7D2B45005F0D31 /* TweetIndicator.swift in Sources */,
				BA93698D1F7D2718005F0D31 /* UserObj.swift in Sources */,
				BA9369A41F7D28A8005F0D31 /* ViewModelCoordinator.swift in Sources */,
				BA9369AD1F7D2A4D005F0D31 /* TweetConfiguration.swift in Sources */,
				BA93698A1F7D270B005F0D31 /* TwitterViewModel.swift in Sources */,
				BA9369B11F7D2B20005F0D31 /* TweetValidator.swift in Sources */,
				BA9369921F7D27A6005F0D31 /* TwitterService.swift in Sources */,
				BA9369B31F7D2B31005F0D31 /* TweetExtractor.swift in Sources */,
				BA9E21CF1F7DF17C0032909C /* TweetComponent.swift in Sources */,
				BA9369AF1F7D2AE5005F0D31 /* TweetSplitProcessor.swift in Sources */,
				BA9369871F7D26EE005F0D31 /* Constants.swift in Sources */,
				BA7318581F80975300A22DE6 /* LinkedList.swift in Sources */,
				BA93698F1F7D271F005F0D31 /* MessageObj.swift in Sources */,
			);
			runOnlyForDeploymentPostprocessing = 0;
		};
		BA9FBF6D1F7CAE1600A20B5C /* Sources */ = {
			isa = PBXSourcesBuildPhase;
			buildActionMask = 2147483647;
			files = (
				BABE26A91F7F8C04007A7193 /* TwitterServiceTests.swift in Sources */,
				BABE26AC1F7F8CDB007A7193 /* StubTweetIndicator.swift in Sources */,
				BA4454431F7E9332007E6D6F /* StubTweetValidator.swift in Sources */,
				BADD10EE1F7E077200887372 /* DefaultTweetConfiguration.swift in Sources */,
				BA4454381F7E7700007E6D6F /* TweetBuilderTest.swift in Sources */,
				BADD10EC1F7E055B00887372 /* TweetValidatorTest.swift in Sources */,
				BA44543F1F7E88CC007E6D6F /* SplashTweetIndicator.swift in Sources */,
				BADD10F21F7E0AB400887372 /* TweetComponentTests.swift in Sources */,
				BADD10F01F7E08C500887372 /* TweetExtractorTest.swift in Sources */,
				BABE26AE1F7F8D7F007A7193 /* StubTwetExtractor.swift in Sources */,
				BA44543D1F7E88B5007E6D6F /* SquareTweetIndicator.swift in Sources */,
				BA9369BD1F7D36DA005F0D31 /* TweetSplitProcessorTests.swift in Sources */,
				BA44543B1F7E88A5007E6D6F /* WhiteSpaceTweetExtractor.swift in Sources */,
				BA4454411F7E8C3A007E6D6F /* Array+Helper.swift in Sources */,
				BA4454451F7E946B007E6D6F /* UnderlineTweetExtractor.swift in Sources */,
			);
			runOnlyForDeploymentPostprocessing = 0;
		};
/* End PBXSourcesBuildPhase section */

/* Begin PBXTargetDependency section */
		BA9FBF741F7CAE1600A20B5C /* PBXTargetDependency */ = {
			isa = PBXTargetDependency;
			target = BA9FBF671F7CAE1600A20B5C /* TwitterCore */;
			targetProxy = BA9FBF731F7CAE1600A20B5C /* PBXContainerItemProxy */;
		};
/* End PBXTargetDependency section */

/* Begin XCBuildConfiguration section */
		BA9FBF7A1F7CAE1600A20B5C /* Debug */ = {
			isa = XCBuildConfiguration;
			buildSettings = {
				ALWAYS_SEARCH_USER_PATHS = NO;
				CLANG_ANALYZER_NONNULL = YES;
				CLANG_ANALYZER_NUMBER_OBJECT_CONVERSION = YES_AGGRESSIVE;
				CLANG_CXX_LANGUAGE_STANDARD = "gnu++14";
				CLANG_CXX_LIBRARY = "libc++";
				CLANG_ENABLE_MODULES = YES;
				CLANG_ENABLE_OBJC_ARC = YES;
				CLANG_WARN_BLOCK_CAPTURE_AUTORELEASING = YES;
				CLANG_WARN_BOOL_CONVERSION = YES;
				CLANG_WARN_COMMA = YES;
				CLANG_WARN_CONSTANT_CONVERSION = YES;
				CLANG_WARN_DIRECT_OBJC_ISA_USAGE = YES_ERROR;
				CLANG_WARN_DOCUMENTATION_COMMENTS = YES;
				CLANG_WARN_EMPTY_BODY = YES;
				CLANG_WARN_ENUM_CONVERSION = YES;
				CLANG_WARN_INFINITE_RECURSION = YES;
				CLANG_WARN_INT_CONVERSION = YES;
				CLANG_WARN_NON_LITERAL_NULL_CONVERSION = YES;
				CLANG_WARN_OBJC_LITERAL_CONVERSION = YES;
				CLANG_WARN_OBJC_ROOT_CLASS = YES_ERROR;
				CLANG_WARN_RANGE_LOOP_ANALYSIS = YES;
				CLANG_WARN_STRICT_PROTOTYPES = YES;
				CLANG_WARN_SUSPICIOUS_MOVE = YES;
				CLANG_WARN_UNGUARDED_AVAILABILITY = YES_AGGRESSIVE;
				CLANG_WARN_UNREACHABLE_CODE = YES;
				CLANG_WARN__DUPLICATE_METHOD_MATCH = YES;
				CODE_SIGN_IDENTITY = "iPhone Developer";
				COPY_PHASE_STRIP = NO;
				CURRENT_PROJECT_VERSION = 1;
				DEBUG_INFORMATION_FORMAT = dwarf;
				ENABLE_STRICT_OBJC_MSGSEND = YES;
				ENABLE_TESTABILITY = YES;
				GCC_C_LANGUAGE_STANDARD = gnu11;
				GCC_DYNAMIC_NO_PIC = NO;
				GCC_NO_COMMON_BLOCKS = YES;
				GCC_OPTIMIZATION_LEVEL = 0;
				GCC_PREPROCESSOR_DEFINITIONS = (
					"DEBUG=1",
					"$(inherited)",
				);
				GCC_WARN_64_TO_32_BIT_CONVERSION = YES;
				GCC_WARN_ABOUT_RETURN_TYPE = YES_ERROR;
				GCC_WARN_UNDECLARED_SELECTOR = YES;
				GCC_WARN_UNINITIALIZED_AUTOS = YES_AGGRESSIVE;
				GCC_WARN_UNUSED_FUNCTION = YES;
				GCC_WARN_UNUSED_VARIABLE = YES;
				IPHONEOS_DEPLOYMENT_TARGET = 11.0;
				MTL_ENABLE_DEBUG_INFO = YES;
				ONLY_ACTIVE_ARCH = YES;
				SDKROOT = iphoneos;
				SWIFT_ACTIVE_COMPILATION_CONDITIONS = DEBUG;
				SWIFT_OPTIMIZATION_LEVEL = "-Onone";
				VERSIONING_SYSTEM = "apple-generic";
				VERSION_INFO_PREFIX = "";
			};
			name = Debug;
		};
		BA9FBF7B1F7CAE1600A20B5C /* Release */ = {
			isa = XCBuildConfiguration;
			buildSettings = {
				ALWAYS_SEARCH_USER_PATHS = NO;
				CLANG_ANALYZER_NONNULL = YES;
				CLANG_ANALYZER_NUMBER_OBJECT_CONVERSION = YES_AGGRESSIVE;
				CLANG_CXX_LANGUAGE_STANDARD = "gnu++14";
				CLANG_CXX_LIBRARY = "libc++";
				CLANG_ENABLE_MODULES = YES;
				CLANG_ENABLE_OBJC_ARC = YES;
				CLANG_WARN_BLOCK_CAPTURE_AUTORELEASING = YES;
				CLANG_WARN_BOOL_CONVERSION = YES;
				CLANG_WARN_COMMA = YES;
				CLANG_WARN_CONSTANT_CONVERSION = YES;
				CLANG_WARN_DIRECT_OBJC_ISA_USAGE = YES_ERROR;
				CLANG_WARN_DOCUMENTATION_COMMENTS = YES;
				CLANG_WARN_EMPTY_BODY = YES;
				CLANG_WARN_ENUM_CONVERSION = YES;
				CLANG_WARN_INFINITE_RECURSION = YES;
				CLANG_WARN_INT_CONVERSION = YES;
				CLANG_WARN_NON_LITERAL_NULL_CONVERSION = YES;
				CLANG_WARN_OBJC_LITERAL_CONVERSION = YES;
				CLANG_WARN_OBJC_ROOT_CLASS = YES_ERROR;
				CLANG_WARN_RANGE_LOOP_ANALYSIS = YES;
				CLANG_WARN_STRICT_PROTOTYPES = YES;
				CLANG_WARN_SUSPICIOUS_MOVE = YES;
				CLANG_WARN_UNGUARDED_AVAILABILITY = YES_AGGRESSIVE;
				CLANG_WARN_UNREACHABLE_CODE = YES;
				CLANG_WARN__DUPLICATE_METHOD_MATCH = YES;
				CODE_SIGN_IDENTITY = "iPhone Developer";
				COPY_PHASE_STRIP = NO;
				CURRENT_PROJECT_VERSION = 1;
				DEBUG_INFORMATION_FORMAT = "dwarf-with-dsym";
				ENABLE_NS_ASSERTIONS = NO;
				ENABLE_STRICT_OBJC_MSGSEND = YES;
				GCC_C_LANGUAGE_STANDARD = gnu11;
				GCC_NO_COMMON_BLOCKS = YES;
				GCC_WARN_64_TO_32_BIT_CONVERSION = YES;
				GCC_WARN_ABOUT_RETURN_TYPE = YES_ERROR;
				GCC_WARN_UNDECLARED_SELECTOR = YES;
				GCC_WARN_UNINITIALIZED_AUTOS = YES_AGGRESSIVE;
				GCC_WARN_UNUSED_FUNCTION = YES;
				GCC_WARN_UNUSED_VARIABLE = YES;
				IPHONEOS_DEPLOYMENT_TARGET = 11.0;
				MTL_ENABLE_DEBUG_INFO = NO;
				SDKROOT = iphoneos;
				SWIFT_OPTIMIZATION_LEVEL = "-Owholemodule";
				VALIDATE_PRODUCT = YES;
				VERSIONING_SYSTEM = "apple-generic";
				VERSION_INFO_PREFIX = "";
			};
			name = Release;
		};
		BA9FBF7D1F7CAE1600A20B5C /* Debug */ = {
			isa = XCBuildConfiguration;
			baseConfigurationReference = D9F4CC37F36047AB9A59E9BA /* Pods-TwitterCore.debug.xcconfig */;
			buildSettings = {
				CLANG_ENABLE_MODULES = YES;
				CODE_SIGN_IDENTITY = "";
				CODE_SIGN_STYLE = Automatic;
				DEFINES_MODULE = YES;
				DEVELOPMENT_TEAM = D54Y88Y9CY;
				DYLIB_COMPATIBILITY_VERSION = 1;
				DYLIB_CURRENT_VERSION = 1;
				DYLIB_INSTALL_NAME_BASE = "@rpath";
				INFOPLIST_FILE = TwitterCore/Info.plist;
				INSTALL_PATH = "$(LOCAL_LIBRARY_DIR)/Frameworks";
				IPHONEOS_DEPLOYMENT_TARGET = 10.0;
				LD_RUNPATH_SEARCH_PATHS = "$(inherited) @executable_path/Frameworks @loader_path/Frameworks";
				PRODUCT_BUNDLE_IDENTIFIER = com.fe.TwitterCore;
				PRODUCT_NAME = "$(TARGET_NAME:c99extidentifier)";
				SKIP_INSTALL = YES;
				SWIFT_OPTIMIZATION_LEVEL = "-Onone";
				SWIFT_VERSION = 4.0;
				TARGETED_DEVICE_FAMILY = "1,2";
			};
			name = Debug;
		};
		BA9FBF7E1F7CAE1600A20B5C /* Release */ = {
			isa = XCBuildConfiguration;
			baseConfigurationReference = 3259D163D0CADC0E97FAD4CB /* Pods-TwitterCore.release.xcconfig */;
			buildSettings = {
				CLANG_ENABLE_MODULES = YES;
				CODE_SIGN_IDENTITY = "";
				CODE_SIGN_STYLE = Automatic;
				DEFINES_MODULE = YES;
				DEVELOPMENT_TEAM = D54Y88Y9CY;
				DYLIB_COMPATIBILITY_VERSION = 1;
				DYLIB_CURRENT_VERSION = 1;
				DYLIB_INSTALL_NAME_BASE = "@rpath";
				INFOPLIST_FILE = TwitterCore/Info.plist;
				INSTALL_PATH = "$(LOCAL_LIBRARY_DIR)/Frameworks";
				IPHONEOS_DEPLOYMENT_TARGET = 10.0;
				LD_RUNPATH_SEARCH_PATHS = "$(inherited) @executable_path/Frameworks @loader_path/Frameworks";
				PRODUCT_BUNDLE_IDENTIFIER = com.fe.TwitterCore;
				PRODUCT_NAME = "$(TARGET_NAME:c99extidentifier)";
				SKIP_INSTALL = YES;
				SWIFT_VERSION = 4.0;
				TARGETED_DEVICE_FAMILY = "1,2";
			};
			name = Release;
		};
		BA9FBF801F7CAE1600A20B5C /* Debug */ = {
			isa = XCBuildConfiguration;
			baseConfigurationReference = C128CB5AE55BCC40080199F8 /* Pods-TwitterCoreTests.debug.xcconfig */;
			buildSettings = {
				ALWAYS_EMBED_SWIFT_STANDARD_LIBRARIES = "$(inherited)";
				CODE_SIGN_STYLE = Automatic;
				DEVELOPMENT_TEAM = D54Y88Y9CY;
				INFOPLIST_FILE = TwitterCoreTests/Info.plist;
				LD_RUNPATH_SEARCH_PATHS = "$(inherited) @executable_path/Frameworks @loader_path/Frameworks";
				PRODUCT_BUNDLE_IDENTIFIER = com.fe.TwitterCoreTests;
				PRODUCT_NAME = "$(TARGET_NAME)";
				SWIFT_VERSION = 4.0;
				TARGETED_DEVICE_FAMILY = "1,2";
			};
			name = Debug;
		};
		BA9FBF811F7CAE1600A20B5C /* Release */ = {
			isa = XCBuildConfiguration;
			baseConfigurationReference = C7CAD5448E4018D221EBC601 /* Pods-TwitterCoreTests.release.xcconfig */;
			buildSettings = {
				ALWAYS_EMBED_SWIFT_STANDARD_LIBRARIES = "$(inherited)";
				CODE_SIGN_STYLE = Automatic;
				DEVELOPMENT_TEAM = D54Y88Y9CY;
				INFOPLIST_FILE = TwitterCoreTests/Info.plist;
				LD_RUNPATH_SEARCH_PATHS = "$(inherited) @executable_path/Frameworks @loader_path/Frameworks";
				PRODUCT_BUNDLE_IDENTIFIER = com.fe.TwitterCoreTests;
				PRODUCT_NAME = "$(TARGET_NAME)";
				SWIFT_VERSION = 4.0;
				TARGETED_DEVICE_FAMILY = "1,2";
			};
			name = Release;
		};
/* End XCBuildConfiguration section */

/* Begin XCConfigurationList section */
		BA9FBF621F7CAE1600A20B5C /* Build configuration list for PBXProject "TwitterCore" */ = {
			isa = XCConfigurationList;
			buildConfigurations = (
				BA9FBF7A1F7CAE1600A20B5C /* Debug */,
				BA9FBF7B1F7CAE1600A20B5C /* Release */,
			);
			defaultConfigurationIsVisible = 0;
			defaultConfigurationName = Release;
		};
		BA9FBF7C1F7CAE1600A20B5C /* Build configuration list for PBXNativeTarget "TwitterCore" */ = {
			isa = XCConfigurationList;
			buildConfigurations = (
				BA9FBF7D1F7CAE1600A20B5C /* Debug */,
				BA9FBF7E1F7CAE1600A20B5C /* Release */,
			);
			defaultConfigurationIsVisible = 0;
			defaultConfigurationName = Release;
		};
		BA9FBF7F1F7CAE1600A20B5C /* Build configuration list for PBXNativeTarget "TwitterCoreTests" */ = {
			isa = XCConfigurationList;
			buildConfigurations = (
				BA9FBF801F7CAE1600A20B5C /* Debug */,
				BA9FBF811F7CAE1600A20B5C /* Release */,
			);
			defaultConfigurationIsVisible = 0;
			defaultConfigurationName = Release;
		};
/* End XCConfigurationList section */
	};
	rootObject = BA9FBF5F1F7CAE1600A20B5C /* Project object */;
}
