// !$*UTF8*$!
{
	archiveVersion = 1;
	classes = {
	};
	objectVersion = 48;
	objects = {

/* Begin PBXBuildFile section */
		1C78771C14BFCA8932929358 /* Pods_TwitterApp.framework in Frameworks */ = {isa = PBXBuildFile; fileRef = 262F97FA3746DE1462FA828B /* Pods_TwitterApp.framework */; };
		BA5EBBC01F7F40D800B091D2 /* TweetViewController.swift in Sources */ = {isa = PBXBuildFile; fileRef = BA5EBBBE1F7F40D800B091D2 /* TweetViewController.swift */; };
		BA5EBBC11F7F40D800B091D2 /* TweetViewController.xib in Resources */ = {isa = PBXBuildFile; fileRef = BA5EBBBF1F7F40D800B091D2 /* TweetViewController.xib */; };
		BA5EBBC41F7F410700B091D2 /* XIBInitialization.swift in Sources */ = {isa = PBXBuildFile; fileRef = BA5EBBC31F7F410700B091D2 /* XIBInitialization.swift */; };
		BA5EBBC61F7F428B00B091D2 /* Identifier.swift in Sources */ = {isa = PBXBuildFile; fileRef = BA5EBBC51F7F428B00B091D2 /* Identifier.swift */; };
		BA5EBBC91F7F434100B091D2 /* Router.swift in Sources */ = {isa = PBXBuildFile; fileRef = BA5EBBC81F7F434100B091D2 /* Router.swift */; };
		BA5EBBD01F7F489400B091D2 /* MessageInputBarView.swift in Sources */ = {isa = PBXBuildFile; fileRef = BA5EBBCF1F7F489400B091D2 /* MessageInputBarView.swift */; };
		BA5EBBD21F7F489C00B091D2 /* MessageInputBarView.xib in Resources */ = {isa = PBXBuildFile; fileRef = BA5EBBD11F7F489C00B091D2 /* MessageInputBarView.xib */; };
		BA9369821F7CAE38005F0D31 /* TwitterCore.framework in Frameworks */ = {isa = PBXBuildFile; fileRef = BA9369831F7CAE38005F0D31 /* TwitterCore.framework */; };
		BA93699B1F7D2825005F0D31 /* Constants.swift in Sources */ = {isa = PBXBuildFile; fileRef = BA93699A1F7D2825005F0D31 /* Constants.swift */; };
		BA9369A01F7D287C005F0D31 /* MessageViewCell.swift in Sources */ = {isa = PBXBuildFile; fileRef = BA93699E1F7D287C005F0D31 /* MessageViewCell.swift */; };
		BA9369A11F7D287C005F0D31 /* MessageViewCell.xib in Resources */ = {isa = PBXBuildFile; fileRef = BA93699F1F7D287C005F0D31 /* MessageViewCell.xib */; };
		BA9FBF3F1F7CADF000A20B5C /* AppDelegate.swift in Sources */ = {isa = PBXBuildFile; fileRef = BA9FBF3E1F7CADF000A20B5C /* AppDelegate.swift */; };
		BA9FBF461F7CADF000A20B5C /* Assets.xcassets in Resources */ = {isa = PBXBuildFile; fileRef = BA9FBF451F7CADF000A20B5C /* Assets.xcassets */; };
		BA9FBF491F7CADF000A20B5C /* LaunchScreen.storyboard in Resources */ = {isa = PBXBuildFile; fileRef = BA9FBF471F7CADF000A20B5C /* LaunchScreen.storyboard */; };
		BA9FBF541F7CADF100A20B5C /* TwitterAppTests.swift in Sources */ = {isa = PBXBuildFile; fileRef = BA9FBF531F7CADF100A20B5C /* TwitterAppTests.swift */; };
/* End PBXBuildFile section */

/* Begin PBXContainerItemProxy section */
		BA9FBF501F7CADF100A20B5C /* PBXContainerItemProxy */ = {
			isa = PBXContainerItemProxy;
			containerPortal = BA9FBF331F7CADF000A20B5C /* Project object */;
			proxyType = 1;
			remoteGlobalIDString = BA9FBF3A1F7CADF000A20B5C;
			remoteInfo = TwitterApp;
		};
/* End PBXContainerItemProxy section */

/* Begin PBXFileReference section */
		262F97FA3746DE1462FA828B /* Pods_TwitterApp.framework */ = {isa = PBXFileReference; explicitFileType = wrapper.framework; includeInIndex = 0; path = Pods_TwitterApp.framework; sourceTree = BUILT_PRODUCTS_DIR; };
		7FC8F44C70DBE55226E0332C /* Pods-TwitterApp.release.xcconfig */ = {isa = PBXFileReference; includeInIndex = 1; lastKnownFileType = text.xcconfig; name = "Pods-TwitterApp.release.xcconfig"; path = "../Pods/Target Support Files/Pods-TwitterApp/Pods-TwitterApp.release.xcconfig"; sourceTree = "<group>"; };
		BA5EBBBE1F7F40D800B091D2 /* TweetViewController.swift */ = {isa = PBXFileReference; lastKnownFileType = sourcecode.swift; path = TweetViewController.swift; sourceTree = "<group>"; };
		BA5EBBBF1F7F40D800B091D2 /* TweetViewController.xib */ = {isa = PBXFileReference; lastKnownFileType = file.xib; path = TweetViewController.xib; sourceTree = "<group>"; };
		BA5EBBC31F7F410700B091D2 /* XIBInitialization.swift */ = {isa = PBXFileReference; lastKnownFileType = sourcecode.swift; path = XIBInitialization.swift; sourceTree = "<group>"; };
		BA5EBBC51F7F428B00B091D2 /* Identifier.swift */ = {isa = PBXFileReference; lastKnownFileType = sourcecode.swift; path = Identifier.swift; sourceTree = "<group>"; };
		BA5EBBC81F7F434100B091D2 /* Router.swift */ = {isa = PBXFileReference; lastKnownFileType = sourcecode.swift; path = Router.swift; sourceTree = "<group>"; };
		BA5EBBCF1F7F489400B091D2 /* MessageInputBarView.swift */ = {isa = PBXFileReference; lastKnownFileType = sourcecode.swift; path = MessageInputBarView.swift; sourceTree = "<group>"; };
		BA5EBBD11F7F489C00B091D2 /* MessageInputBarView.xib */ = {isa = PBXFileReference; lastKnownFileType = file.xib; path = MessageInputBarView.xib; sourceTree = "<group>"; };
		BA9369831F7CAE38005F0D31 /* TwitterCore.framework */ = {isa = PBXFileReference; explicitFileType = wrapper.framework; path = TwitterCore.framework; sourceTree = BUILT_PRODUCTS_DIR; };
		BA93699A1F7D2825005F0D31 /* Constants.swift */ = {isa = PBXFileReference; lastKnownFileType = sourcecode.swift; path = Constants.swift; sourceTree = "<group>"; };
		BA93699E1F7D287C005F0D31 /* MessageViewCell.swift */ = {isa = PBXFileReference; lastKnownFileType = sourcecode.swift; path = MessageViewCell.swift; sourceTree = "<group>"; };
		BA93699F1F7D287C005F0D31 /* MessageViewCell.xib */ = {isa = PBXFileReference; lastKnownFileType = file.xib; path = MessageViewCell.xib; sourceTree = "<group>"; };
		BA9FBF3B1F7CADF000A20B5C /* TwitterApp.app */ = {isa = PBXFileReference; explicitFileType = wrapper.application; includeInIndex = 0; path = TwitterApp.app; sourceTree = BUILT_PRODUCTS_DIR; };
		BA9FBF3E1F7CADF000A20B5C /* AppDelegate.swift */ = {isa = PBXFileReference; lastKnownFileType = sourcecode.swift; path = AppDelegate.swift; sourceTree = "<group>"; };
		BA9FBF451F7CADF000A20B5C /* Assets.xcassets */ = {isa = PBXFileReference; lastKnownFileType = folder.assetcatalog; path = Assets.xcassets; sourceTree = "<group>"; };
		BA9FBF481F7CADF000A20B5C /* Base */ = {isa = PBXFileReference; lastKnownFileType = file.storyboard; name = Base; path = Base.lproj/LaunchScreen.storyboard; sourceTree = "<group>"; };
		BA9FBF4A1F7CADF000A20B5C /* Info.plist */ = {isa = PBXFileReference; lastKnownFileType = text.plist.xml; path = Info.plist; sourceTree = "<group>"; };
		BA9FBF4F1F7CADF100A20B5C /* TwitterAppTests.xctest */ = {isa = PBXFileReference; explicitFileType = wrapper.cfbundle; includeInIndex = 0; path = TwitterAppTests.xctest; sourceTree = BUILT_PRODUCTS_DIR; };
		BA9FBF531F7CADF100A20B5C /* TwitterAppTests.swift */ = {isa = PBXFileReference; lastKnownFileType = sourcecode.swift; path = TwitterAppTests.swift; sourceTree = "<group>"; };
		BA9FBF551F7CADF100A20B5C /* Info.plist */ = {isa = PBXFileReference; lastKnownFileType = text.plist.xml; path = Info.plist; sourceTree = "<group>"; };
		F73747B9C19D9996AB2A2802 /* Pods-TwitterApp.debug.xcconfig */ = {isa = PBXFileReference; includeInIndex = 1; lastKnownFileType = text.xcconfig; name = "Pods-TwitterApp.debug.xcconfig"; path = "../Pods/Target Support Files/Pods-TwitterApp/Pods-TwitterApp.debug.xcconfig"; sourceTree = "<group>"; };
/* End PBXFileReference section */

/* Begin PBXFrameworksBuildPhase section */
		BA9FBF381F7CADF000A20B5C /* Frameworks */ = {
			isa = PBXFrameworksBuildPhase;
			buildActionMask = 2147483647;
			files = (
				BA9369821F7CAE38005F0D31 /* TwitterCore.framework in Frameworks */,
				1C78771C14BFCA8932929358 /* Pods_TwitterApp.framework in Frameworks */,
			);
			runOnlyForDeploymentPostprocessing = 0;
		};
		BA9FBF4C1F7CADF100A20B5C /* Frameworks */ = {
			isa = PBXFrameworksBuildPhase;
			buildActionMask = 2147483647;
			files = (
			);
			runOnlyForDeploymentPostprocessing = 0;
		};
/* End PBXFrameworksBuildPhase section */

/* Begin PBXGroup section */
		A84838A51C9ABD130588AB6F /* Pods */ = {
			isa = PBXGroup;
			children = (
				F73747B9C19D9996AB2A2802 /* Pods-TwitterApp.debug.xcconfig */,
				7FC8F44C70DBE55226E0332C /* Pods-TwitterApp.release.xcconfig */,
			);
			name = Pods;
			sourceTree = "<group>";
		};
		BA5EBBC21F7F40F400B091D2 /* Extension */ = {
			isa = PBXGroup;
			children = (
				BA5EBBC31F7F410700B091D2 /* XIBInitialization.swift */,
				BA5EBBC51F7F428B00B091D2 /* Identifier.swift */,
			);
			path = Extension;
			sourceTree = "<group>";
		};
		BA5EBBC71F7F42FA00B091D2 /* Router */ = {
			isa = PBXGroup;
			children = (
				BA5EBBC81F7F434100B091D2 /* Router.swift */,
			);
			path = Router;
			sourceTree = "<group>";
		};
		BA5EBBCC1F7F476D00B091D2 /* Tweet */ = {
			isa = PBXGroup;
			children = (
				BA5EBBBE1F7F40D800B091D2 /* TweetViewController.swift */,
				BA5EBBBF1F7F40D800B091D2 /* TweetViewController.xib */,
			);
			path = Tweet;
			sourceTree = "<group>";
		};
		BA5EBBCD1F7F47F700B091D2 /* Cell */ = {
			isa = PBXGroup;
			children = (
				BA93699E1F7D287C005F0D31 /* MessageViewCell.swift */,
				BA93699F1F7D287C005F0D31 /* MessageViewCell.xib */,
			);
			path = Cell;
			sourceTree = "<group>";
		};
		BA5EBBCE1F7F47FD00B091D2 /* Input Bar */ = {
			isa = PBXGroup;
			children = (
				BA5EBBCF1F7F489400B091D2 /* MessageInputBarView.swift */,
				BA5EBBD11F7F489C00B091D2 /* MessageInputBarView.xib */,
			);
			path = "Input Bar";
			sourceTree = "<group>";
		};
		BA9369811F7CAE38005F0D31 /* Frameworks */ = {
			isa = PBXGroup;
			children = (
				BA9369831F7CAE38005F0D31 /* TwitterCore.framework */,
				262F97FA3746DE1462FA828B /* Pods_TwitterApp.framework */,
			);
			name = Frameworks;
			sourceTree = "<group>";
		};
		BA9369931F7D27DB005F0D31 /* App Delegate */ = {
			isa = PBXGroup;
			children = (
				BA9FBF3E1F7CADF000A20B5C /* AppDelegate.swift */,
			);
			path = "App Delegate";
			sourceTree = "<group>";
		};
		BA9369941F7D27E5005F0D31 /* Controller */ = {
			isa = PBXGroup;
			children = (
				BA5EBBCC1F7F476D00B091D2 /* Tweet */,
			);
			path = Controller;
			sourceTree = "<group>";
		};
		BA9369951F7D27EE005F0D31 /* Source */ = {
			isa = PBXGroup;
			children = (
				BA5EBBC21F7F40F400B091D2 /* Extension */,
				BA9369A21F7D2885005F0D31 /* Models */,
				BA93699D1F7D283B005F0D31 /* View */,
				BA9369941F7D27E5005F0D31 /* Controller */,
			);
			path = Source;
			sourceTree = "<group>";
		};
		BA9369961F7D27F7005F0D31 /* Resources */ = {
			isa = PBXGroup;
			children = (
				BA93699C1F7D282A005F0D31 /* Other */,
				BA9369981F7D280D005F0D31 /* Assets */,
				BA9369971F7D27FC005F0D31 /* Xib */,
			);
			path = Resources;
			sourceTree = "<group>";
		};
		BA9369971F7D27FC005F0D31 /* Xib */ = {
			isa = PBXGroup;
			children = (
				BA9FBF471F7CADF000A20B5C /* LaunchScreen.storyboard */,
			);
			path = Xib;
			sourceTree = "<group>";
		};
		BA9369981F7D280D005F0D31 /* Assets */ = {
			isa = PBXGroup;
			children = (
				BA9FBF451F7CADF000A20B5C /* Assets.xcassets */,
			);
			path = Assets;
			sourceTree = "<group>";
		};
		BA9369991F7D281B005F0D31 /* Constants */ = {
			isa = PBXGroup;
			children = (
				BA93699A1F7D2825005F0D31 /* Constants.swift */,
			);
			path = Constants;
			sourceTree = "<group>";
		};
		BA93699C1F7D282A005F0D31 /* Other */ = {
			isa = PBXGroup;
			children = (
			);
			path = Other;
			sourceTree = "<group>";
		};
		BA93699D1F7D283B005F0D31 /* View */ = {
			isa = PBXGroup;
			children = (
				BA5EBBCE1F7F47FD00B091D2 /* Input Bar */,
				BA5EBBCD1F7F47F700B091D2 /* Cell */,
			);
			path = View;
			sourceTree = "<group>";
		};
		BA9369A21F7D2885005F0D31 /* Models */ = {
			isa = PBXGroup;
			children = (
				BA5EBBC71F7F42FA00B091D2 /* Router */,
			);
			path = Models;
			sourceTree = "<group>";
		};
		BA9FBF321F7CADF000A20B5C = {
			isa = PBXGroup;
			children = (
				BA9FBF3D1F7CADF000A20B5C /* TwitterApp */,
				BA9FBF521F7CADF100A20B5C /* TwitterAppTests */,
				BA9FBF3C1F7CADF000A20B5C /* Products */,
				BA9369811F7CAE38005F0D31 /* Frameworks */,
				A84838A51C9ABD130588AB6F /* Pods */,
			);
			sourceTree = "<group>";
		};
		BA9FBF3C1F7CADF000A20B5C /* Products */ = {
			isa = PBXGroup;
			children = (
				BA9FBF3B1F7CADF000A20B5C /* TwitterApp.app */,
				BA9FBF4F1F7CADF100A20B5C /* TwitterAppTests.xctest */,
			);
			name = Products;
			sourceTree = "<group>";
		};
		BA9FBF3D1F7CADF000A20B5C /* TwitterApp */ = {
			isa = PBXGroup;
			children = (
				BA9FBF4A1F7CADF000A20B5C /* Info.plist */,
				BA9369991F7D281B005F0D31 /* Constants */,
				BA9369961F7D27F7005F0D31 /* Resources */,
				BA9369951F7D27EE005F0D31 /* Source */,
				BA9369931F7D27DB005F0D31 /* App Delegate */,
			);
			path = TwitterApp;
			sourceTree = "<group>";
		};
		BA9FBF521F7CADF100A20B5C /* TwitterAppTests */ = {
			isa = PBXGroup;
			children = (
				BA9FBF531F7CADF100A20B5C /* TwitterAppTests.swift */,
				BA9FBF551F7CADF100A20B5C /* Info.plist */,
			);
			path = TwitterAppTests;
			sourceTree = "<group>";
		};
/* End PBXGroup section */

/* Begin PBXNativeTarget section */
		BA9FBF3A1F7CADF000A20B5C /* TwitterApp */ = {
			isa = PBXNativeTarget;
			buildConfigurationList = BA9FBF581F7CADF100A20B5C /* Build configuration list for PBXNativeTarget "TwitterApp" */;
			buildPhases = (
				F56F4A2F56359E3109685D2A /* [CP] Check Pods Manifest.lock */,
				BA9FBF371F7CADF000A20B5C /* Sources */,
				BA9FBF381F7CADF000A20B5C /* Frameworks */,
				BA9FBF391F7CADF000A20B5C /* Resources */,
				31FFC4C1FF86D85C5B3C988F /* [CP] Embed Pods Frameworks */,
				8B96AD6194CC8C4A60672D96 /* [CP] Copy Pods Resources */,
			);
			buildRules = (
			);
			dependencies = (
			);
			name = TwitterApp;
			productName = TwitterApp;
			productReference = BA9FBF3B1F7CADF000A20B5C /* TwitterApp.app */;
			productType = "com.apple.product-type.application";
		};
		BA9FBF4E1F7CADF100A20B5C /* TwitterAppTests */ = {
			isa = PBXNativeTarget;
			buildConfigurationList = BA9FBF5B1F7CADF100A20B5C /* Build configuration list for PBXNativeTarget "TwitterAppTests" */;
			buildPhases = (
				BA9FBF4B1F7CADF100A20B5C /* Sources */,
				BA9FBF4C1F7CADF100A20B5C /* Frameworks */,
				BA9FBF4D1F7CADF100A20B5C /* Resources */,
			);
			buildRules = (
			);
			dependencies = (
				BA9FBF511F7CADF100A20B5C /* PBXTargetDependency */,
			);
			name = TwitterAppTests;
			productName = TwitterAppTests;
			productReference = BA9FBF4F1F7CADF100A20B5C /* TwitterAppTests.xctest */;
			productType = "com.apple.product-type.bundle.unit-test";
		};
/* End PBXNativeTarget section */

/* Begin PBXProject section */
		BA9FBF331F7CADF000A20B5C /* Project object */ = {
			isa = PBXProject;
			attributes = {
				LastSwiftUpdateCheck = 0900;
				LastUpgradeCheck = 0900;
				ORGANIZATIONNAME = "Nghia Tran";
				TargetAttributes = {
					BA9FBF3A1F7CADF000A20B5C = {
						CreatedOnToolsVersion = 9.0;
						ProvisioningStyle = Automatic;
					};
					BA9FBF4E1F7CADF100A20B5C = {
						CreatedOnToolsVersion = 9.0;
						ProvisioningStyle = Automatic;
						TestTargetID = BA9FBF3A1F7CADF000A20B5C;
					};
				};
			};
			buildConfigurationList = BA9FBF361F7CADF000A20B5C /* Build configuration list for PBXProject "TwitterApp" */;
			compatibilityVersion = "Xcode 8.0";
			developmentRegion = en;
			hasScannedForEncodings = 0;
			knownRegions = (
				en,
				Base,
			);
			mainGroup = BA9FBF321F7CADF000A20B5C;
			productRefGroup = BA9FBF3C1F7CADF000A20B5C /* Products */;
			projectDirPath = "";
			projectRoot = "";
			targets = (
				BA9FBF3A1F7CADF000A20B5C /* TwitterApp */,
				BA9FBF4E1F7CADF100A20B5C /* TwitterAppTests */,
			);
		};
/* End PBXProject section */

/* Begin PBXResourcesBuildPhase section */
		BA9FBF391F7CADF000A20B5C /* Resources */ = {
			isa = PBXResourcesBuildPhase;
			buildActionMask = 2147483647;
			files = (
				BA9369A11F7D287C005F0D31 /* MessageViewCell.xib in Resources */,
				BA9FBF491F7CADF000A20B5C /* LaunchScreen.storyboard in Resources */,
				BA9FBF461F7CADF000A20B5C /* Assets.xcassets in Resources */,
				BA5EBBD21F7F489C00B091D2 /* MessageInputBarView.xib in Resources */,
				BA5EBBC11F7F40D800B091D2 /* TweetViewController.xib in Resources */,
			);
			runOnlyForDeploymentPostprocessing = 0;
		};
		BA9FBF4D1F7CADF100A20B5C /* Resources */ = {
			isa = PBXResourcesBuildPhase;
			buildActionMask = 2147483647;
			files = (
			);
			runOnlyForDeploymentPostprocessing = 0;
		};
/* End PBXResourcesBuildPhase section */

/* Begin PBXShellScriptBuildPhase section */
		31FFC4C1FF86D85C5B3C988F /* [CP] Embed Pods Frameworks */ = {
			isa = PBXShellScriptBuildPhase;
			buildActionMask = 2147483647;
			files = (
			);
			inputPaths = (
			);
			name = "[CP] Embed Pods Frameworks";
			outputPaths = (
			);
			runOnlyForDeploymentPostprocessing = 0;
			shellPath = /bin/sh;
			shellScript = "\"${SRCROOT}/../Pods/Target Support Files/Pods-TwitterApp/Pods-TwitterApp-frameworks.sh\"\n";
			showEnvVarsInLog = 0;
		};
		8B96AD6194CC8C4A60672D96 /* [CP] Copy Pods Resources */ = {
			isa = PBXShellScriptBuildPhase;
			buildActionMask = 2147483647;
			files = (
			);
			inputPaths = (
			);
			name = "[CP] Copy Pods Resources";
			outputPaths = (
			);
			runOnlyForDeploymentPostprocessing = 0;
			shellPath = /bin/sh;
			shellScript = "\"${SRCROOT}/../Pods/Target Support Files/Pods-TwitterApp/Pods-TwitterApp-resources.sh\"\n";
			showEnvVarsInLog = 0;
		};
		F56F4A2F56359E3109685D2A /* [CP] Check Pods Manifest.lock */ = {
			isa = PBXShellScriptBuildPhase;
			buildActionMask = 2147483647;
			files = (
			);
			inputPaths = (
			);
			name = "[CP] Check Pods Manifest.lock";
			outputPaths = (
			);
			runOnlyForDeploymentPostprocessing = 0;
			shellPath = /bin/sh;
			shellScript = "diff \"${PODS_PODFILE_DIR_PATH}/Podfile.lock\" \"${PODS_ROOT}/Manifest.lock\" > /dev/null\nif [ $? != 0 ] ; then\n    # print error to STDERR\n    echo \"error: The sandbox is not in sync with the Podfile.lock. Run 'pod install' or update your CocoaPods installation.\" >&2\n    exit 1\nfi\n";
			showEnvVarsInLog = 0;
		};
/* End PBXShellScriptBuildPhase section */

/* Begin PBXSourcesBuildPhase section */
		BA9FBF371F7CADF000A20B5C /* Sources */ = {
			isa = PBXSourcesBuildPhase;
			buildActionMask = 2147483647;
			files = (
				BA9369A01F7D287C005F0D31 /* MessageViewCell.swift in Sources */,
				BA5EBBD01F7F489400B091D2 /* MessageInputBarView.swift in Sources */,
				BA5EBBC01F7F40D800B091D2 /* TweetViewController.swift in Sources */,
				BA5EBBC41F7F410700B091D2 /* XIBInitialization.swift in Sources */,
				BA5EBBC91F7F434100B091D2 /* Router.swift in Sources */,
				BA9FBF3F1F7CADF000A20B5C /* AppDelegate.swift in Sources */,
				BA5EBBC61F7F428B00B091D2 /* Identifier.swift in Sources */,
				BA93699B1F7D2825005F0D31 /* Constants.swift in Sources */,
			);
			runOnlyForDeploymentPostprocessing = 0;
		};
		BA9FBF4B1F7CADF100A20B5C /* Sources */ = {
			isa = PBXSourcesBuildPhase;
			buildActionMask = 2147483647;
			files = (
				BA9FBF541F7CADF100A20B5C /* TwitterAppTests.swift in Sources */,
			);
			runOnlyForDeploymentPostprocessing = 0;
		};
/* End PBXSourcesBuildPhase section */

/* Begin PBXTargetDependency section */
		BA9FBF511F7CADF100A20B5C /* PBXTargetDependency */ = {
			isa = PBXTargetDependency;
			target = BA9FBF3A1F7CADF000A20B5C /* TwitterApp */;
			targetProxy = BA9FBF501F7CADF100A20B5C /* PBXContainerItemProxy */;
		};
/* End PBXTargetDependency section */

/* Begin PBXVariantGroup section */
		BA9FBF471F7CADF000A20B5C /* LaunchScreen.storyboard */ = {
			isa = PBXVariantGroup;
			children = (
				BA9FBF481F7CADF000A20B5C /* Base */,
			);
			name = LaunchScreen.storyboard;
			sourceTree = "<group>";
		};
/* End PBXVariantGroup section */

/* Begin XCBuildConfiguration section */
		BA9FBF561F7CADF100A20B5C /* Debug */ = {
			isa = XCBuildConfiguration;
			buildSettings = {
				ALWAYS_SEARCH_USER_PATHS = NO;
				CLANG_ANALYZER_NONNULL = YES;
				CLANG_ANALYZER_NUMBER_OBJECT_CONVERSION = YES_AGGRESSIVE;
				CLANG_CXX_LANGUAGE_STANDARD = "gnu++14";
				CLANG_CXX_LIBRARY = "libc++";
				CLANG_ENABLE_MODULES = YES;
				CLANG_ENABLE_OBJC_ARC = YES;
				CLANG_WARN_BLOCK_CAPTURE_AUTORELEASING = YES;
				CLANG_WARN_BOOL_CONVERSION = YES;
				CLANG_WARN_COMMA = YES;
				CLANG_WARN_CONSTANT_CONVERSION = YES;
				CLANG_WARN_DIRECT_OBJC_ISA_USAGE = YES_ERROR;
				CLANG_WARN_DOCUMENTATION_COMMENTS = YES;
				CLANG_WARN_EMPTY_BODY = YES;
				CLANG_WARN_ENUM_CONVERSION = YES;
				CLANG_WARN_INFINITE_RECURSION = YES;
				CLANG_WARN_INT_CONVERSION = YES;
				CLANG_WARN_NON_LITERAL_NULL_CONVERSION = YES;
				CLANG_WARN_OBJC_LITERAL_CONVERSION = YES;
				CLANG_WARN_OBJC_ROOT_CLASS = YES_ERROR;
				CLANG_WARN_RANGE_LOOP_ANALYSIS = YES;
				CLANG_WARN_STRICT_PROTOTYPES = YES;
				CLANG_WARN_SUSPICIOUS_MOVE = YES;
				CLANG_WARN_UNGUARDED_AVAILABILITY = YES_AGGRESSIVE;
				CLANG_WARN_UNREACHABLE_CODE = YES;
				CLANG_WARN__DUPLICATE_METHOD_MATCH = YES;
				CODE_SIGN_IDENTITY = "iPhone Developer";
				COPY_PHASE_STRIP = NO;
				DEBUG_INFORMATION_FORMAT = dwarf;
				ENABLE_STRICT_OBJC_MSGSEND = YES;
				ENABLE_TESTABILITY = YES;
				GCC_C_LANGUAGE_STANDARD = gnu11;
				GCC_DYNAMIC_NO_PIC = NO;
				GCC_NO_COMMON_BLOCKS = YES;
				GCC_OPTIMIZATION_LEVEL = 0;
				GCC_PREPROCESSOR_DEFINITIONS = (
					"DEBUG=1",
					"$(inherited)",
				);
				GCC_WARN_64_TO_32_BIT_CONVERSION = YES;
				GCC_WARN_ABOUT_RETURN_TYPE = YES_ERROR;
				GCC_WARN_UNDECLARED_SELECTOR = YES;
				GCC_WARN_UNINITIALIZED_AUTOS = YES_AGGRESSIVE;
				GCC_WARN_UNUSED_FUNCTION = YES;
				GCC_WARN_UNUSED_VARIABLE = YES;
				IPHONEOS_DEPLOYMENT_TARGET = 11.0;
				MTL_ENABLE_DEBUG_INFO = YES;
				ONLY_ACTIVE_ARCH = YES;
				SDKROOT = iphoneos;
				SWIFT_ACTIVE_COMPILATION_CONDITIONS = DEBUG;
				SWIFT_OPTIMIZATION_LEVEL = "-Onone";
			};
			name = Debug;
		};
		BA9FBF571F7CADF100A20B5C /* Release */ = {
			isa = XCBuildConfiguration;
			buildSettings = {
				ALWAYS_SEARCH_USER_PATHS = NO;
				CLANG_ANALYZER_NONNULL = YES;
				CLANG_ANALYZER_NUMBER_OBJECT_CONVERSION = YES_AGGRESSIVE;
				CLANG_CXX_LANGUAGE_STANDARD = "gnu++14";
				CLANG_CXX_LIBRARY = "libc++";
				CLANG_ENABLE_MODULES = YES;
				CLANG_ENABLE_OBJC_ARC = YES;
				CLANG_WARN_BLOCK_CAPTURE_AUTORELEASING = YES;
				CLANG_WARN_BOOL_CONVERSION = YES;
				CLANG_WARN_COMMA = YES;
				CLANG_WARN_CONSTANT_CONVERSION = YES;
				CLANG_WARN_DIRECT_OBJC_ISA_USAGE = YES_ERROR;
				CLANG_WARN_DOCUMENTATION_COMMENTS = YES;
				CLANG_WARN_EMPTY_BODY = YES;
				CLANG_WARN_ENUM_CONVERSION = YES;
				CLANG_WARN_INFINITE_RECURSION = YES;
				CLANG_WARN_INT_CONVERSION = YES;
				CLANG_WARN_NON_LITERAL_NULL_CONVERSION = YES;
				CLANG_WARN_OBJC_LITERAL_CONVERSION = YES;
				CLANG_WARN_OBJC_ROOT_CLASS = YES_ERROR;
				CLANG_WARN_RANGE_LOOP_ANALYSIS = YES;
				CLANG_WARN_STRICT_PROTOTYPES = YES;
				CLANG_WARN_SUSPICIOUS_MOVE = YES;
				CLANG_WARN_UNGUARDED_AVAILABILITY = YES_AGGRESSIVE;
				CLANG_WARN_UNREACHABLE_CODE = YES;
				CLANG_WARN__DUPLICATE_METHOD_MATCH = YES;
				CODE_SIGN_IDENTITY = "iPhone Developer";
				COPY_PHASE_STRIP = NO;
				DEBUG_INFORMATION_FORMAT = "dwarf-with-dsym";
				ENABLE_NS_ASSERTIONS = NO;
				ENABLE_STRICT_OBJC_MSGSEND = YES;
				GCC_C_LANGUAGE_STANDARD = gnu11;
				GCC_NO_COMMON_BLOCKS = YES;
				GCC_WARN_64_TO_32_BIT_CONVERSION = YES;
				GCC_WARN_ABOUT_RETURN_TYPE = YES_ERROR;
				GCC_WARN_UNDECLARED_SELECTOR = YES;
				GCC_WARN_UNINITIALIZED_AUTOS = YES_AGGRESSIVE;
				GCC_WARN_UNUSED_FUNCTION = YES;
				GCC_WARN_UNUSED_VARIABLE = YES;
				IPHONEOS_DEPLOYMENT_TARGET = 11.0;
				MTL_ENABLE_DEBUG_INFO = NO;
				SDKROOT = iphoneos;
				SWIFT_OPTIMIZATION_LEVEL = "-Owholemodule";
				VALIDATE_PRODUCT = YES;
			};
			name = Release;
		};
		BA9FBF591F7CADF100A20B5C /* Debug */ = {
			isa = XCBuildConfiguration;
			baseConfigurationReference = F73747B9C19D9996AB2A2802 /* Pods-TwitterApp.debug.xcconfig */;
			buildSettings = {
				ASSETCATALOG_COMPILER_APPICON_NAME = AppIcon;
				CODE_SIGN_STYLE = Automatic;
				DEVELOPMENT_TEAM = D54Y88Y9CY;
				INFOPLIST_FILE = TwitterApp/Info.plist;
				IPHONEOS_DEPLOYMENT_TARGET = 11.0;
				LD_RUNPATH_SEARCH_PATHS = "$(inherited) @executable_path/Frameworks";
				PRODUCT_BUNDLE_IDENTIFIER = com.fe.TwitterApp;
				PRODUCT_NAME = "$(TARGET_NAME)";
				SWIFT_VERSION = 4.0;
				TARGETED_DEVICE_FAMILY = 1;
			};
			name = Debug;
		};
		BA9FBF5A1F7CADF100A20B5C /* Release */ = {
			isa = XCBuildConfiguration;
			baseConfigurationReference = 7FC8F44C70DBE55226E0332C /* Pods-TwitterApp.release.xcconfig */;
			buildSettings = {
				ASSETCATALOG_COMPILER_APPICON_NAME = AppIcon;
				CODE_SIGN_STYLE = Automatic;
				DEVELOPMENT_TEAM = D54Y88Y9CY;
				INFOPLIST_FILE = TwitterApp/Info.plist;
				IPHONEOS_DEPLOYMENT_TARGET = 11.0;
				LD_RUNPATH_SEARCH_PATHS = "$(inherited) @executable_path/Frameworks";
				PRODUCT_BUNDLE_IDENTIFIER = com.fe.TwitterApp;
				PRODUCT_NAME = "$(TARGET_NAME)";
				SWIFT_VERSION = 4.0;
				TARGETED_DEVICE_FAMILY = 1;
			};
			name = Release;
		};
		BA9FBF5C1F7CADF100A20B5C /* Debug */ = {
			isa = XCBuildConfiguration;
			buildSettings = {
				ALWAYS_EMBED_SWIFT_STANDARD_LIBRARIES = YES;
				BUNDLE_LOADER = "$(TEST_HOST)";
				CODE_SIGN_STYLE = Automatic;
				DEVELOPMENT_TEAM = D54Y88Y9CY;
				INFOPLIST_FILE = TwitterAppTests/Info.plist;
				LD_RUNPATH_SEARCH_PATHS = "$(inherited) @executable_path/Frameworks @loader_path/Frameworks";
				PRODUCT_BUNDLE_IDENTIFIER = com.fe.TwitterAppTests;
				PRODUCT_NAME = "$(TARGET_NAME)";
				SWIFT_VERSION = 4.0;
				TARGETED_DEVICE_FAMILY = "1,2";
				TEST_HOST = "$(BUILT_PRODUCTS_DIR)/TwitterApp.app/TwitterApp";
			};
			name = Debug;
		};
		BA9FBF5D1F7CADF100A20B5C /* Release */ = {
			isa = XCBuildConfiguration;
			buildSettings = {
				ALWAYS_EMBED_SWIFT_STANDARD_LIBRARIES = YES;
				BUNDLE_LOADER = "$(TEST_HOST)";
				CODE_SIGN_STYLE = Automatic;
				DEVELOPMENT_TEAM = D54Y88Y9CY;
				INFOPLIST_FILE = TwitterAppTests/Info.plist;
				LD_RUNPATH_SEARCH_PATHS = "$(inherited) @executable_path/Frameworks @loader_path/Frameworks";
				PRODUCT_BUNDLE_IDENTIFIER = com.fe.TwitterAppTests;
				PRODUCT_NAME = "$(TARGET_NAME)";
				SWIFT_VERSION = 4.0;
				TARGETED_DEVICE_FAMILY = "1,2";
				TEST_HOST = "$(BUILT_PRODUCTS_DIR)/TwitterApp.app/TwitterApp";
			};
			name = Release;
		};
/* End XCBuildConfiguration section */

/* Begin XCConfigurationList section */
		BA9FBF361F7CADF000A20B5C /* Build configuration list for PBXProject "TwitterApp" */ = {
			isa = XCConfigurationList;
			buildConfigurations = (
				BA9FBF561F7CADF100A20B5C /* Debug */,
				BA9FBF571F7CADF100A20B5C /* Release */,
			);
			defaultConfigurationIsVisible = 0;
			defaultConfigurationName = Release;
		};
		BA9FBF581F7CADF100A20B5C /* Build configuration list for PBXNativeTarget "TwitterApp" */ = {
			isa = XCConfigurationList;
			buildConfigurations = (
				BA9FBF591F7CADF100A20B5C /* Debug */,
				BA9FBF5A1F7CADF100A20B5C /* Release */,
			);
			defaultConfigurationIsVisible = 0;
			defaultConfigurationName = Release;
		};
		BA9FBF5B1F7CADF100A20B5C /* Build configuration list for PBXNativeTarget "TwitterAppTests" */ = {
			isa = XCConfigurationList;
			buildConfigurations = (
				BA9FBF5C1F7CADF100A20B5C /* Debug */,
				BA9FBF5D1F7CADF100A20B5C /* Release */,
			);
			defaultConfigurationIsVisible = 0;
			defaultConfigurationName = Release;
		};
/* End XCConfigurationList section */
	};
	rootObject = BA9FBF331F7CADF000A20B5C /* Project object */;
}
